
Microsoft Visual Studio Solution File, Format Version 12.00
# Visual Studio Version 17
VisualStudioVersion = 17.9.34701.34
MinimumVisualStudioVersion = 10.0.40219.1
Project("{FAE04EC0-301F-11D3-BF4B-00C04F79EFBC}") = "Nelie_Jones", "Nelie_Jones.csproj", "{0095B64E-4E75-41A3-92BB-A1EF5CCEB552}"
EndProject
Global
	GlobalSection(SolutionConfigurationPlatforms) = preSolution
		Debug|Any CPU = Debug|Any CPU
		Release|Any CPU = Release|Any CPU
	EndGlobalSection
	GlobalSection(ProjectConfigurationPlatforms) = postSolution
		{0095B64E-4E75-41A3-92BB-A1EF5CCEB552}.Debug|Any CPU.ActiveCfg = Debug|Any CPU
		{0095B64E-4E75-41A3-92BB-A1EF5CCEB552}.Debug|Any CPU.Build.0 = Debug|Any CPU
		{0095B64E-4E75-41A3-92BB-A1EF5CCEB552}.Release|Any CPU.ActiveCfg = Release|Any CPU
		{0095B64E-4E75-41A3-92BB-A1EF5CCEB552}.Release|Any CPU.Build.0 = Release|Any CPU
	EndGlobalSection
	GlobalSection(SolutionProperties) = preSolution
		HideSolutionNode = FALSE
	EndGlobalSection
	GlobalSection(ExtensibilityGlobals) = postSolution
		SolutionGuid = {D17C2530-0657-45C9-8FDA-14A58C52CF47}
	EndGlobalSection
EndGlobal
