
Microsoft Visual Studio Solution File, Format Version 12.00
# Visual Studio Version 17
VisualStudioVersion = 17.9.34701.34
MinimumVisualStudioVersion = 10.0.40219.1
Project("{FAE04EC0-301F-11D3-BF4B-00C04F79EFBC}") = "Practical2_u23642425", "Practical2_u23642425.csproj", "{91D1BDFB-DD91-4693-A851-C91244800299}"
EndProject
Global
	GlobalSection(SolutionConfigurationPlatforms) = preSolution
		Debug|Any CPU = Debug|Any CPU
		Release|Any CPU = Release|Any CPU
	EndGlobalSection
	GlobalSection(ProjectConfigurationPlatforms) = postSolution
		{91D1BDFB-DD91-4693-A851-C91244800299}.Debug|Any CPU.ActiveCfg = Debug|Any CPU
		{91D1BDFB-DD91-4693-A851-C91244800299}.Debug|Any CPU.Build.0 = Debug|Any CPU
		{91D1BDFB-DD91-4693-A851-C91244800299}.Release|Any CPU.ActiveCfg = Release|Any CPU
		{91D1BDFB-DD91-4693-A851-C91244800299}.Release|Any CPU.Build.0 = Release|Any CPU
	EndGlobalSection
	GlobalSection(SolutionProperties) = preSolution
		HideSolutionNode = FALSE
	EndGlobalSection
	GlobalSection(ExtensibilityGlobals) = postSolution
		SolutionGuid = {A85DF47C-2D40-4FE0-9AD7-9B3EAB9A77CC}
	EndGlobalSection
EndGlobal
